
Microsoft Visual Studio Solution File, Format Version 12.00
# Visual Studio 15
VisualStudioVersion = 15.0.26730.10
MinimumVisualStudioVersion = 10.0.40219.1
Project("{FAE04EC0-301F-11D3-BF4B-00C04F79EFBC}") = "WebAppSofEng", "WebAppSofEng\WebAppSofEng.csproj", "{5C3B883C-191C-4955-9EBD-1B1971F4DBBD}"
EndProject
Global
	GlobalSection(SolutionConfigurationPlatforms) = preSolution
		Debug|Any CPU = Debug|Any CPU
		Release|Any CPU = Release|Any CPU
	EndGlobalSection
	GlobalSection(ProjectConfigurationPlatforms) = postSolution
		{5C3B883C-191C-4955-9EBD-1B1971F4DBBD}.Debug|Any CPU.ActiveCfg = Debug|Any CPU
		{5C3B883C-191C-4955-9EBD-1B1971F4DBBD}.Debug|Any CPU.Build.0 = Debug|Any CPU
		{5C3B883C-191C-4955-9EBD-1B1971F4DBBD}.Release|Any CPU.ActiveCfg = Release|Any CPU
		{5C3B883C-191C-4955-9EBD-1B1971F4DBBD}.Release|Any CPU.Build.0 = Release|Any CPU
	EndGlobalSection
	GlobalSection(SolutionProperties) = preSolution
		HideSolutionNode = FALSE
	EndGlobalSection
	GlobalSection(ExtensibilityGlobals) = postSolution
		SolutionGuid = {9F29B7BB-AA3F-4E02-BB1A-B7B3D2150260}
	EndGlobalSection
EndGlobal
